PODS:
  - Capacitor (7.6.1):
    - CapacitorCordova
  - CapacitorApp (7.1.1):
    - Capacitor
  - CapacitorCommunityAdmob (8.0.0):
    - Capacitor
    - Google-Mobile-Ads-SDK (~> 12.14)
    - GoogleUserMessagingPlatform (~> 3.1)
  - CapacitorCordova (7.6.1)
  - CapacitorFilesystem (7.1.6):
    - Capacitor
    - IONFilesystemLib (~> 1.0.1)
  - CapacitorGeolocation (7.1.8):
    - Capacitor
    - IONGeolocationLib (= 1.0.1)
  - CapacitorKeyboard (7.0.4):
    - Capacitor
  - CapacitorPreferences (7.0.2):
    - Capacitor
  - CapacitorShare (7.0.3):
    - Capacitor
  - CapacitorStatusBar (7.0.4):
    - Capacitor
  - CapawesomeCapacitorAppUpdate (7.2.0):
    - Capacitor
  - CapgoCapacitorNavigationBar (7.1.28):
    - Capacitor
  - CordovaPlugins (7.6.1):
    - CapacitorCordova
  - Google-Mobile-Ads-SDK (12.14.0):
    - GoogleUserMessagingPlatform (>= 1.1)
  - GoogleUserMessagingPlatform (3.1.0)
  - HamjadCapacitorPedometer (0.1.0):
    - Capacitor
  - IONFilesystemLib (1.0.1)
  - IONGeolocationLib (1.0.1)

DEPENDENCIES:
  - "Capacitor (from `../../node_modules/@capacitor/ios`)"
  - "CapacitorApp (from `../../node_modules/@capacitor/app`)"
  - "CapacitorCommunityAdmob (from `../../node_modules/@capacitor-community/admob`)"
  - "CapacitorCordova (from `../../node_modules/@capacitor/ios`)"
  - "CapacitorFilesystem (from `../../node_modules/@capacitor/filesystem`)"
  - "CapacitorGeolocation (from `../../node_modules/@capacitor/geolocation`)"
  - "CapacitorKeyboard (from `../../node_modules/@capacitor/keyboard`)"
  - "CapacitorPreferences (from `../../node_modules/@capacitor/preferences`)"
  - "CapacitorShare (from `../../node_modules/@capacitor/share`)"
  - "CapacitorStatusBar (from `../../node_modules/@capacitor/status-bar`)"
  - "CapawesomeCapacitorAppUpdate (from `../../node_modules/@capawesome/capacitor-app-update`)"
  - "CapgoCapacitorNavigationBar (from `../../node_modules/@capgo/capacitor-navigation-bar`)"
  - CordovaPlugins (from `../capacitor-cordova-ios-plugins`)
  - "HamjadCapacitorPedometer (from `../../node_modules/@hamjad/capacitor-pedometer`)"

SPEC REPOS:
  trunk:
    - Google-Mobile-Ads-SDK
    - GoogleUserMessagingPlatform
    - IONFilesystemLib
    - IONGeolocationLib

EXTERNAL SOURCES:
  Capacitor:
    :path: "../../node_modules/@capacitor/ios"
  CapacitorApp:
    :path: "../../node_modules/@capacitor/app"
  CapacitorCommunityAdmob:
    :path: "../../node_modules/@capacitor-community/admob"
  CapacitorCordova:
    :path: "../../node_modules/@capacitor/ios"
  CapacitorFilesystem:
    :path: "../../node_modules/@capacitor/filesystem"
  CapacitorGeolocation:
    :path: "../../node_modules/@capacitor/geolocation"
  CapacitorKeyboard:
    :path: "../../node_modules/@capacitor/keyboard"
  CapacitorPreferences:
    :path: "../../node_modules/@capacitor/preferences"
  CapacitorShare:
    :path: "../../node_modules/@capacitor/share"
  CapacitorStatusBar:
    :path: "../../node_modules/@capacitor/status-bar"
  CapawesomeCapacitorAppUpdate:
    :path: "../../node_modules/@capawesome/capacitor-app-update"
  CapgoCapacitorNavigationBar:
    :path: "../../node_modules/@capgo/capacitor-navigation-bar"
  CordovaPlugins:
    :path: "../capacitor-cordova-ios-plugins"
  HamjadCapacitorPedometer:
    :path: "../../node_modules/@hamjad/capacitor-pedometer"

SPEC CHECKSUMS:
  Capacitor: b8dd0e1151c953171b0e02d04aa57f3389edcd97
  CapacitorApp: 63b237168fc869e758481dba283315a85743ee78
  CapacitorCommunityAdmob: 9c36b466f46da413e5c105f7484e7603178c6223
  CapacitorCordova: 6ab7337f25a2c9ce7a3fdc2f249c480f447853e0
  CapacitorFilesystem: 66f05ee0d8b1ccdc00d509091273a9b3b57c4a0b
  CapacitorGeolocation: ab54d708e2fcf99a7bafe0219eaa6f7a932f001a
  CapacitorKeyboard: 5660c760113bfa48962817a785879373cf5339c3
  CapacitorPreferences: 65107ed7437d96ee72583df5763985e3c0ff2bc2
  CapacitorShare: a4f4f86eabd4b3ff52ba6a11b754713c6926a8d1
  CapacitorStatusBar: d0e0151c89c001a9c7125bac59ddedf76b664768
  CapawesomeCapacitorAppUpdate: 9fb16b07faaa1c86468c794e39bfedb822a1a446
  CapgoCapacitorNavigationBar: b1d52bd833a7afef00eb625018bc7dbb0ced73a6
  CordovaPlugins: 38a5e9b08a33c6f3b3a7d12e77b335a429fcffb2
  Google-Mobile-Ads-SDK: 4534fd2dfcd3f705c5485a6633c5188d03d4eed2
  GoogleUserMessagingPlatform: befe603da6501006420c206222acd449bba45a9c
  HamjadCapacitorPedometer: d85ece930addf499754a2895e4cb8aac8a085b0d
  IONFilesystemLib: 89258b8e3e85465da93127d25d7ce37f977e8a6f
  IONGeolocationLib: 20f9d0248a0b5264511fb57a37e25dd2badf797a

PODFILE CHECKSUM: e2a4a16900ee9443222f61f6fddbd01961540e39

COCOAPODS: 1.16.2
